// !$*UTF8*$!
{
	archiveVersion = 1;
	classes = {
	};
	objectVersion = 50;
	objects = {

/* Begin PBXBuildFile section */
		203F770025A1E019006A6A10 /* DataModel.swift in Sources */ = {isa = PBXBuildFile; fileRef = 203F76FF25A1E019006A6A10 /* DataModel.swift */; };
		203F770425A1E167006A6A10 /* NetworkService.swift in Sources */ = {isa = PBXBuildFile; fileRef = 203F770325A1E167006A6A10 /* NetworkService.swift */; };
		20F0C3E125A0A243009DFEC2 /* AppDelegate.swift in Sources */ = {isa = PBXBuildFile; fileRef = 20F0C3E025A0A243009DFEC2 /* AppDelegate.swift */; };
		20F0C3E325A0A243009DFEC2 /* SceneDelegate.swift in Sources */ = {isa = PBXBuildFile; fileRef = 20F0C3E225A0A243009DFEC2 /* SceneDelegate.swift */; };
		20F0C3E525A0A243009DFEC2 /* MainViewController.swift in Sources */ = {isa = PBXBuildFile; fileRef = 20F0C3E425A0A243009DFEC2 /* MainViewController.swift */; };
		20F0C3EA25A0A249009DFEC2 /* Assets.xcassets in Resources */ = {isa = PBXBuildFile; fileRef = 20F0C3E925A0A249009DFEC2 /* Assets.xcassets */; };
		20F0C3ED25A0A249009DFEC2 /* LaunchScreen.storyboard in Resources */ = {isa = PBXBuildFile; fileRef = 20F0C3EB25A0A249009DFEC2 /* LaunchScreen.storyboard */; };
		20F0C3FC25A0A3C5009DFEC2 /* MainInteractor.swift in Sources */ = {isa = PBXBuildFile; fileRef = 20F0C3FB25A0A3C5009DFEC2 /* MainInteractor.swift */; };
		20F0C3FF25A0A3CE009DFEC2 /* MainPresenter.swift in Sources */ = {isa = PBXBuildFile; fileRef = 20F0C3FE25A0A3CE009DFEC2 /* MainPresenter.swift */; };
		20F0C40225A0A50A009DFEC2 /* ModuleBuilder.swift in Sources */ = {isa = PBXBuildFile; fileRef = 20F0C40125A0A50A009DFEC2 /* ModuleBuilder.swift */; };
/* End PBXBuildFile section */

/* Begin PBXFileReference section */
		203F76FF25A1E019006A6A10 /* DataModel.swift */ = {isa = PBXFileReference; lastKnownFileType = sourcecode.swift; path = DataModel.swift; sourceTree = "<group>"; };
		203F770325A1E167006A6A10 /* NetworkService.swift */ = {isa = PBXFileReference; fileEncoding = 4; lastKnownFileType = sourcecode.swift; path = NetworkService.swift; sourceTree = "<group>"; };
		20F0C3DD25A0A243009DFEC2 /* AvitoTest.app */ = {isa = PBXFileReference; explicitFileType = wrapper.application; includeInIndex = 0; path = AvitoTest.app; sourceTree = BUILT_PRODUCTS_DIR; };
		20F0C3E025A0A243009DFEC2 /* AppDelegate.swift */ = {isa = PBXFileReference; lastKnownFileType = sourcecode.swift; path = AppDelegate.swift; sourceTree = "<group>"; };
		20F0C3E225A0A243009DFEC2 /* SceneDelegate.swift */ = {isa = PBXFileReference; lastKnownFileType = sourcecode.swift; path = SceneDelegate.swift; sourceTree = "<group>"; };
		20F0C3E425A0A243009DFEC2 /* MainViewController.swift */ = {isa = PBXFileReference; lastKnownFileType = sourcecode.swift; path = MainViewController.swift; sourceTree = "<group>"; };
		20F0C3E925A0A249009DFEC2 /* Assets.xcassets */ = {isa = PBXFileReference; lastKnownFileType = folder.assetcatalog; path = Assets.xcassets; sourceTree = "<group>"; };
		20F0C3EC25A0A249009DFEC2 /* Base */ = {isa = PBXFileReference; lastKnownFileType = file.storyboard; name = Base; path = Base.lproj/LaunchScreen.storyboard; sourceTree = "<group>"; };
		20F0C3EE25A0A249009DFEC2 /* Info.plist */ = {isa = PBXFileReference; lastKnownFileType = text.plist.xml; path = Info.plist; sourceTree = "<group>"; };
		20F0C3FB25A0A3C5009DFEC2 /* MainInteractor.swift */ = {isa = PBXFileReference; lastKnownFileType = sourcecode.swift; path = MainInteractor.swift; sourceTree = "<group>"; };
		20F0C3FE25A0A3CE009DFEC2 /* MainPresenter.swift */ = {isa = PBXFileReference; lastKnownFileType = sourcecode.swift; path = MainPresenter.swift; sourceTree = "<group>"; };
		20F0C40125A0A50A009DFEC2 /* ModuleBuilder.swift */ = {isa = PBXFileReference; lastKnownFileType = sourcecode.swift; path = ModuleBuilder.swift; sourceTree = "<group>"; };
/* End PBXFileReference section */

/* Begin PBXFrameworksBuildPhase section */
		20F0C3DA25A0A243009DFEC2 /* Frameworks */ = {
			isa = PBXFrameworksBuildPhase;
			buildActionMask = 2147483647;
			files = (
			);
			runOnlyForDeploymentPostprocessing = 0;
		};
/* End PBXFrameworksBuildPhase section */

/* Begin PBXGroup section */
		203F76FE25A1E001006A6A10 /* Model */ = {
			isa = PBXGroup;
			children = (
				203F76FF25A1E019006A6A10 /* DataModel.swift */,
			);
			path = Model;
			sourceTree = "<group>";
		};
		203F772725A20B14006A6A10 /* Networking */ = {
			isa = PBXGroup;
			children = (
				203F770325A1E167006A6A10 /* NetworkService.swift */,
			);
			path = Networking;
			sourceTree = "<group>";
		};
		20F0C3D425A0A243009DFEC2 = {
			isa = PBXGroup;
			children = (
				20F0C3DF25A0A243009DFEC2 /* AvitoTest */,
				20F0C3DE25A0A243009DFEC2 /* Products */,
			);
			sourceTree = "<group>";
		};
		20F0C3DE25A0A243009DFEC2 /* Products */ = {
			isa = PBXGroup;
			children = (
				20F0C3DD25A0A243009DFEC2 /* AvitoTest.app */,
			);
			name = Products;
			sourceTree = "<group>";
		};
		20F0C3DF25A0A243009DFEC2 /* AvitoTest */ = {
			isa = PBXGroup;
			children = (
				203F772725A20B14006A6A10 /* Networking */,
				203F76FE25A1E001006A6A10 /* Model */,
				20F0C3F525A0A252009DFEC2 /* Application */,
				20F0C3F925A0A3B9009DFEC2 /* MainModule */,
			);
			path = AvitoTest;
			sourceTree = "<group>";
		};
		20F0C3F525A0A252009DFEC2 /* Application */ = {
			isa = PBXGroup;
			children = (
				20F0C3E025A0A243009DFEC2 /* AppDelegate.swift */,
				20F0C3E225A0A243009DFEC2 /* SceneDelegate.swift */,
				20F0C3E925A0A249009DFEC2 /* Assets.xcassets */,
				20F0C3EB25A0A249009DFEC2 /* LaunchScreen.storyboard */,
				20F0C3EE25A0A249009DFEC2 /* Info.plist */,
				20F0C40125A0A50A009DFEC2 /* ModuleBuilder.swift */,
			);
			path = Application;
			sourceTree = "<group>";
		};
		20F0C3F925A0A3B9009DFEC2 /* MainModule */ = {
			isa = PBXGroup;
			children = (
				20F0C3E425A0A243009DFEC2 /* MainViewController.swift */,
				20F0C3FB25A0A3C5009DFEC2 /* MainInteractor.swift */,
				20F0C3FE25A0A3CE009DFEC2 /* MainPresenter.swift */,
			);
			path = MainModule;
			sourceTree = "<group>";
		};
/* End PBXGroup section */

/* Begin PBXNativeTarget section */
		20F0C3DC25A0A243009DFEC2 /* AvitoTest */ = {
			isa = PBXNativeTarget;
			buildConfigurationList = 20F0C3F125A0A249009DFEC2 /* Build configuration list for PBXNativeTarget "AvitoTest" */;
			buildPhases = (
				20F0C3D925A0A243009DFEC2 /* Sources */,
				20F0C3DA25A0A243009DFEC2 /* Frameworks */,
				20F0C3DB25A0A243009DFEC2 /* Resources */,
			);
			buildRules = (
			);
			dependencies = (
			);
			name = AvitoTest;
			productName = AvitoTest;
			productReference = 20F0C3DD25A0A243009DFEC2 /* AvitoTest.app */;
			productType = "com.apple.product-type.application";
		};
/* End PBXNativeTarget section */

/* Begin PBXProject section */
		20F0C3D525A0A243009DFEC2 /* Project object */ = {
			isa = PBXProject;
			attributes = {
				LastSwiftUpdateCheck = 1230;
				LastUpgradeCheck = 1230;
				TargetAttributes = {
					20F0C3DC25A0A243009DFEC2 = {
						CreatedOnToolsVersion = 12.3;
					};
				};
			};
			buildConfigurationList = 20F0C3D825A0A243009DFEC2 /* Build configuration list for PBXProject "AvitoTest" */;
			compatibilityVersion = "Xcode 9.3";
			developmentRegion = en;
			hasScannedForEncodings = 0;
			knownRegions = (
				en,
				Base,
			);
			mainGroup = 20F0C3D425A0A243009DFEC2;
			productRefGroup = 20F0C3DE25A0A243009DFEC2 /* Products */;
			projectDirPath = "";
			projectRoot = "";
			targets = (
				20F0C3DC25A0A243009DFEC2 /* AvitoTest */,
			);
		};
/* End PBXProject section */

/* Begin PBXResourcesBuildPhase section */
		20F0C3DB25A0A243009DFEC2 /* Resources */ = {
			isa = PBXResourcesBuildPhase;
			buildActionMask = 2147483647;
			files = (
				20F0C3ED25A0A249009DFEC2 /* LaunchScreen.storyboard in Resources */,
				20F0C3EA25A0A249009DFEC2 /* Assets.xcassets in Resources */,
			);
			runOnlyForDeploymentPostprocessing = 0;
		};
/* End PBXResourcesBuildPhase section */

/* Begin PBXSourcesBuildPhase section */
		20F0C3D925A0A243009DFEC2 /* Sources */ = {
			isa = PBXSourcesBuildPhase;
			buildActionMask = 2147483647;
			files = (
				203F770025A1E019006A6A10 /* DataModel.swift in Sources */,
				20F0C3FF25A0A3CE009DFEC2 /* MainPresenter.swift in Sources */,
				203F770425A1E167006A6A10 /* NetworkService.swift in Sources */,
				20F0C3E525A0A243009DFEC2 /* MainViewController.swift in Sources */,
				20F0C3E125A0A243009DFEC2 /* AppDelegate.swift in Sources */,
				20F0C3E325A0A243009DFEC2 /* SceneDelegate.swift in Sources */,
				20F0C3FC25A0A3C5009DFEC2 /* MainInteractor.swift in Sources */,
				20F0C40225A0A50A009DFEC2 /* ModuleBuilder.swift in Sources */,
			);
			runOnlyForDeploymentPostprocessing = 0;
		};
/* End PBXSourcesBuildPhase section */

/* Begin PBXVariantGroup section */
		20F0C3EB25A0A249009DFEC2 /* LaunchScreen.storyboard */ = {
			isa = PBXVariantGroup;
			children = (
				20F0C3EC25A0A249009DFEC2 /* Base */,
			);
			name = LaunchScreen.storyboard;
			sourceTree = "<group>";
		};
/* End PBXVariantGroup section */

/* Begin XCBuildConfiguration section */
		20F0C3EF25A0A249009DFEC2 /* Debug */ = {
			isa = XCBuildConfiguration;
			buildSettings = {
				ALWAYS_SEARCH_USER_PATHS = NO;
				CLANG_ANALYZER_NONNULL = YES;
				CLANG_ANALYZER_NUMBER_OBJECT_CONVERSION = YES_AGGRESSIVE;
				CLANG_CXX_LANGUAGE_STANDARD = "gnu++14";
				CLANG_CXX_LIBRARY = "libc++";
				CLANG_ENABLE_MODULES = YES;
				CLANG_ENABLE_OBJC_ARC = YES;
				CLANG_ENABLE_OBJC_WEAK = YES;
				CLANG_WARN_BLOCK_CAPTURE_AUTORELEASING = YES;
				CLANG_WARN_BOOL_CONVERSION = YES;
				CLANG_WARN_COMMA = YES;
				CLANG_WARN_CONSTANT_CONVERSION = YES;
				CLANG_WARN_DEPRECATED_OBJC_IMPLEMENTATIONS = YES;
				CLANG_WARN_DIRECT_OBJC_ISA_USAGE = YES_ERROR;
				CLANG_WARN_DOCUMENTATION_COMMENTS = YES;
				CLANG_WARN_EMPTY_BODY = YES;
				CLANG_WARN_ENUM_CONVERSION = YES;
				CLANG_WARN_INFINITE_RECURSION = YES;
				CLANG_WARN_INT_CONVERSION = YES;
				CLANG_WARN_NON_LITERAL_NULL_CONVERSION = YES;
				CLANG_WARN_OBJC_IMPLICIT_RETAIN_SELF = YES;
				CLANG_WARN_OBJC_LITERAL_CONVERSION = YES;
				CLANG_WARN_OBJC_ROOT_CLASS = YES_ERROR;
				CLANG_WARN_QUOTED_INCLUDE_IN_FRAMEWORK_HEADER = YES;
				CLANG_WARN_RANGE_LOOP_ANALYSIS = YES;
				CLANG_WARN_STRICT_PROTOTYPES = YES;
				CLANG_WARN_SUSPICIOUS_MOVE = YES;
				CLANG_WARN_UNGUARDED_AVAILABILITY = YES_AGGRESSIVE;
				CLANG_WARN_UNREACHABLE_CODE = YES;
				CLANG_WARN__DUPLICATE_METHOD_MATCH = YES;
				COPY_PHASE_STRIP = NO;
				DEBUG_INFORMATION_FORMAT = dwarf;
				ENABLE_STRICT_OBJC_MSGSEND = YES;
				ENABLE_TESTABILITY = YES;
				GCC_C_LANGUAGE_STANDARD = gnu11;
				GCC_DYNAMIC_NO_PIC = NO;
				GCC_NO_COMMON_BLOCKS = YES;
				GCC_OPTIMIZATION_LEVEL = 0;
				GCC_PREPROCESSOR_DEFINITIONS = (
					"DEBUG=1",
					"$(inherited)",
				);
				GCC_WARN_64_TO_32_BIT_CONVERSION = YES;
				GCC_WARN_ABOUT_RETURN_TYPE = YES_ERROR;
				GCC_WARN_UNDECLARED_SELECTOR = YES;
				GCC_WARN_UNINITIALIZED_AUTOS = YES_AGGRESSIVE;
				GCC_WARN_UNUSED_FUNCTION = YES;
				GCC_WARN_UNUSED_VARIABLE = YES;
				IPHONEOS_DEPLOYMENT_TARGET = 14.3;
				MTL_ENABLE_DEBUG_INFO = INCLUDE_SOURCE;
				MTL_FAST_MATH = YES;
				ONLY_ACTIVE_ARCH = YES;
				SDKROOT = iphoneos;
				SWIFT_ACTIVE_COMPILATION_CONDITIONS = DEBUG;
				SWIFT_OPTIMIZATION_LEVEL = "-Onone";
			};
			name = Debug;
		};
		20F0C3F025A0A249009DFEC2 /* Release */ = {
			isa = XCBuildConfiguration;
			buildSettings = {
				ALWAYS_SEARCH_USER_PATHS = NO;
				CLANG_ANALYZER_NONNULL = YES;
				CLANG_ANALYZER_NUMBER_OBJECT_CONVERSION = YES_AGGRESSIVE;
				CLANG_CXX_LANGUAGE_STANDARD = "gnu++14";
				CLANG_CXX_LIBRARY = "libc++";
				CLANG_ENABLE_MODULES = YES;
				CLANG_ENABLE_OBJC_ARC = YES;
				CLANG_ENABLE_OBJC_WEAK = YES;
				CLANG_WARN_BLOCK_CAPTURE_AUTORELEASING = YES;
				CLANG_WARN_BOOL_CONVERSION = YES;
				CLANG_WARN_COMMA = YES;
				CLANG_WARN_CONSTANT_CONVERSION = YES;
				CLANG_WARN_DEPRECATED_OBJC_IMPLEMENTATIONS = YES;
				CLANG_WARN_DIRECT_OBJC_ISA_USAGE = YES_ERROR;
				CLANG_WARN_DOCUMENTATION_COMMENTS = YES;
				CLANG_WARN_EMPTY_BODY = YES;
				CLANG_WARN_ENUM_CONVERSION = YES;
				CLANG_WARN_INFINITE_RECURSION = YES;
				CLANG_WARN_INT_CONVERSION = YES;
				CLANG_WARN_NON_LITERAL_NULL_CONVERSION = YES;
				CLANG_WARN_OBJC_IMPLICIT_RETAIN_SELF = YES;
				CLANG_WARN_OBJC_LITERAL_CONVERSION = YES;
				CLANG_WARN_OBJC_ROOT_CLASS = YES_ERROR;
				CLANG_WARN_QUOTED_INCLUDE_IN_FRAMEWORK_HEADER = YES;
				CLANG_WARN_RANGE_LOOP_ANALYSIS = YES;
				CLANG_WARN_STRICT_PROTOTYPES = YES;
				CLANG_WARN_SUSPICIOUS_MOVE = YES;
				CLANG_WARN_UNGUARDED_AVAILABILITY = YES_AGGRESSIVE;
				CLANG_WARN_UNREACHABLE_CODE = YES;
				CLANG_WARN__DUPLICATE_METHOD_MATCH = YES;
				COPY_PHASE_STRIP = NO;
				DEBUG_INFORMATION_FORMAT = "dwarf-with-dsym";
				ENABLE_NS_ASSERTIONS = NO;
				ENABLE_STRICT_OBJC_MSGSEND = YES;
				GCC_C_LANGUAGE_STANDARD = gnu11;
				GCC_NO_COMMON_BLOCKS = YES;
				GCC_WARN_64_TO_32_BIT_CONVERSION = YES;
				GCC_WARN_ABOUT_RETURN_TYPE = YES_ERROR;
				GCC_WARN_UNDECLARED_SELECTOR = YES;
				GCC_WARN_UNINITIALIZED_AUTOS = YES_AGGRESSIVE;
				GCC_WARN_UNUSED_FUNCTION = YES;
				GCC_WARN_UNUSED_VARIABLE = YES;
				IPHONEOS_DEPLOYMENT_TARGET = 14.3;
				MTL_ENABLE_DEBUG_INFO = NO;
				MTL_FAST_MATH = YES;
				SDKROOT = iphoneos;
				SWIFT_COMPILATION_MODE = wholemodule;
				SWIFT_OPTIMIZATION_LEVEL = "-O";
				VALIDATE_PRODUCT = YES;
			};
			name = Release;
		};
		20F0C3F225A0A249009DFEC2 /* Debug */ = {
			isa = XCBuildConfiguration;
			buildSettings = {
				ASSETCATALOG_COMPILER_APPICON_NAME = AppIcon;
				ASSETCATALOG_COMPILER_GLOBAL_ACCENT_COLOR_NAME = AccentColor;
				CODE_SIGN_STYLE = Automatic;
				DEVELOPMENT_TEAM = 65TNRYCD64;
				INFOPLIST_FILE = AvitoTest/Application/Info.plist;
				LD_RUNPATH_SEARCH_PATHS = (
					"$(inherited)",
					"@executable_path/Frameworks",
				);
				PRODUCT_BUNDLE_IDENTIFIER = KirillMagerya.AvitoTest;
				PRODUCT_NAME = "$(TARGET_NAME)";
				SWIFT_VERSION = 5.0;
				TARGETED_DEVICE_FAMILY = "1,2";
			};
			name = Debug;
		};
		20F0C3F325A0A249009DFEC2 /* Release */ = {
			isa = XCBuildConfiguration;
			buildSettings = {
				ASSETCATALOG_COMPILER_APPICON_NAME = AppIcon;
				ASSETCATALOG_COMPILER_GLOBAL_ACCENT_COLOR_NAME = AccentColor;
				CODE_SIGN_STYLE = Automatic;
				DEVELOPMENT_TEAM = 65TNRYCD64;
				INFOPLIST_FILE = AvitoTest/Application/Info.plist;
				LD_RUNPATH_SEARCH_PATHS = (
					"$(inherited)",
					"@executable_path/Frameworks",
				);
				PRODUCT_BUNDLE_IDENTIFIER = KirillMagerya.AvitoTest;
				PRODUCT_NAME = "$(TARGET_NAME)";
				SWIFT_VERSION = 5.0;
				TARGETED_DEVICE_FAMILY = "1,2";
			};
			name = Release;
		};
/* End XCBuildConfiguration section */

/* Begin XCConfigurationList section */
		20F0C3D825A0A243009DFEC2 /* Build configuration list for PBXProject "AvitoTest" */ = {
			isa = XCConfigurationList;
			buildConfigurations = (
				20F0C3EF25A0A249009DFEC2 /* Debug */,
				20F0C3F025A0A249009DFEC2 /* Release */,
			);
			defaultConfigurationIsVisible = 0;
			defaultConfigurationName = Release;
		};
		20F0C3F125A0A249009DFEC2 /* Build configuration list for PBXNativeTarget "AvitoTest" */ = {
			isa = XCConfigurationList;
			buildConfigurations = (
				20F0C3F225A0A249009DFEC2 /* Debug */,
				20F0C3F325A0A249009DFEC2 /* Release */,
			);
			defaultConfigurationIsVisible = 0;
			defaultConfigurationName = Release;
		};
/* End XCConfigurationList section */
	};
	rootObject = 20F0C3D525A0A243009DFEC2 /* Project object */;
}
